
Microsoft Visual Studio Solution File, Format Version 12.00
# Visual Studio Version 16
VisualStudioVersion = 16.0.32929.386
MinimumVisualStudioVersion = 10.0.40219.1
Project("{9092AA53-FB77-4645-B42D-1CCCA6BD08BD}") = "TscFrontEnd", "TscFrontEnd.njsproj", "{745DAB0C-4658-4338-995E-CA7C91ADC954}"
EndProject
Global
	GlobalSection(SolutionConfigurationPlatforms) = preSolution
		Debug|Any CPU = Debug|Any CPU
		Release|Any CPU = Release|Any CPU
	EndGlobalSection
	GlobalSection(ProjectConfigurationPlatforms) = postSolution
		{745DAB0C-4658-4338-995E-CA7C91ADC954}.Debug|Any CPU.ActiveCfg = Debug|Any CPU
		{745DAB0C-4658-4338-995E-CA7C91ADC954}.Debug|Any CPU.Build.0 = Debug|Any CPU
		{745DAB0C-4658-4338-995E-CA7C91ADC954}.Release|Any CPU.ActiveCfg = Release|Any CPU
		{745DAB0C-4658-4338-995E-CA7C91ADC954}.Release|Any CPU.Build.0 = Release|Any CPU
	EndGlobalSection
	GlobalSection(SolutionProperties) = preSolution
		HideSolutionNode = FALSE
	EndGlobalSection
	GlobalSection(ExtensibilityGlobals) = postSolution
		SolutionGuid = {B61574A6-0272-4237-9108-2D9A4EC9AC32}
	EndGlobalSection
EndGlobal
